
Microsoft Visual Studio Solution File, Format Version 12.00
# Visual Studio Version 16
VisualStudioVersion = 16.0.30804.86
MinimumVisualStudioVersion = 10.0.40219.1
Project("{FAE04EC0-301F-11D3-BF4B-00C04F79EFBC}") = "ControleFinanceiro.API", "ControleFinanceiro.API\ControleFinanceiro.API.csproj", "{8A06B442-7FE3-4BBC-8F74-D93A1922B6B5}"
EndProject
Project("{FAE04EC0-301F-11D3-BF4B-00C04F79EFBC}") = "ControleFinanceiro.BBL", "..\ControleFinanceiro.BBL\ControleFinanceiro.BBL.csproj", "{A6008794-BD3B-4D42-BFFA-EF81FD49340A}"
EndProject
Project("{FAE04EC0-301F-11D3-BF4B-00C04F79EFBC}") = "ControleFinanceiro.DAL", "..\ControleFinanceiro.DAL\ControleFinanceiro.DAL.csproj", "{FC251693-C70E-4BAF-A3B9-54A69B785F0A}"
EndProject
Global
	GlobalSection(SolutionConfigurationPlatforms) = preSolution
		Debug|Any CPU = Debug|Any CPU
		Release|Any CPU = Release|Any CPU
	EndGlobalSection
	GlobalSection(ProjectConfigurationPlatforms) = postSolution
		{8A06B442-7FE3-4BBC-8F74-D93A1922B6B5}.Debug|Any CPU.ActiveCfg = Debug|Any CPU
		{8A06B442-7FE3-4BBC-8F74-D93A1922B6B5}.Debug|Any CPU.Build.0 = Debug|Any CPU
		{8A06B442-7FE3-4BBC-8F74-D93A1922B6B5}.Release|Any CPU.ActiveCfg = Release|Any CPU
		{8A06B442-7FE3-4BBC-8F74-D93A1922B6B5}.Release|Any CPU.Build.0 = Release|Any CPU
		{A6008794-BD3B-4D42-BFFA-EF81FD49340A}.Debug|Any CPU.ActiveCfg = Debug|Any CPU
		{A6008794-BD3B-4D42-BFFA-EF81FD49340A}.Debug|Any CPU.Build.0 = Debug|Any CPU
		{A6008794-BD3B-4D42-BFFA-EF81FD49340A}.Release|Any CPU.ActiveCfg = Release|Any CPU
		{A6008794-BD3B-4D42-BFFA-EF81FD49340A}.Release|Any CPU.Build.0 = Release|Any CPU
		{FC251693-C70E-4BAF-A3B9-54A69B785F0A}.Debug|Any CPU.ActiveCfg = Debug|Any CPU
		{FC251693-C70E-4BAF-A3B9-54A69B785F0A}.Debug|Any CPU.Build.0 = Debug|Any CPU
		{FC251693-C70E-4BAF-A3B9-54A69B785F0A}.Release|Any CPU.ActiveCfg = Release|Any CPU
		{FC251693-C70E-4BAF-A3B9-54A69B785F0A}.Release|Any CPU.Build.0 = Release|Any CPU
	EndGlobalSection
	GlobalSection(SolutionProperties) = preSolution
		HideSolutionNode = FALSE
	EndGlobalSection
	GlobalSection(ExtensibilityGlobals) = postSolution
		SolutionGuid = {C14D13B2-E009-4514-9A8D-8388B4BE979D}
	EndGlobalSection
EndGlobal
